<?xml version="1.0" encoding="utf-8"?>
<Project ToolsVersion="4.0" xmlns="http://schemas.microsoft.com/developer/msbuild/2003">
  <ItemGroup>
    <Filter Include="Abstract">
      <UniqueIdentifier>{ac104ec5-17d8-4e05-81d3-828d9b8e1346}</UniqueIdentifier>
    </Filter>
    <Filter Include="DX11">
      <UniqueIdentifier>{3a12e343-b8f7-4524-a091-cad2669a33e9}</UniqueIdentifier>
    </Filter>
    <Filter Include="DX11\Renderer">
      <UniqueIdentifier>{adbe6bb9-1fd0-4825-afdf-a0233ed38787}</UniqueIdentifier>
    </Filter>
  </ItemGroup>
  <ItemGroup>
    <ClInclude Include="..\..\Source\SpeedPointEngine\Renderer\IViewport.h">
      <Filter>Abstract</Filter>
    </ClInclude>
    <ClInclude Include="..\..\Source\SpeedPointEngine\Renderer\IFBO.h">
      <Filter>Abstract</Filter>
    </ClInclude>
    <ClInclude Include="..\..\Source\SpeedPointEngine\Renderer\IIndexBuffer.h">
      <Filter>Abstract</Filter>
    </ClInclude>
    <ClInclude Include="..\..\Source\SpeedPointEngine\Renderer\IConstantsBuffer.h">
      <Filter>Abstract</Filter>
    </ClInclude>
    <ClInclude Include="..\..\Source\SpeedPointEngine\Renderer\IFont.h">
      <Filter>Abstract</Filter>
    </ClInclude>
    <ClInclude Include="..\..\Source\SpeedPointEngine\Renderer\IOutputPlane.h">
      <Filter>Abstract</Filter>
    </ClInclude>
    <ClInclude Include="..\..\Source\SpeedPointEngine\Renderer\IRenderAPI.h">
      <Filter>Abstract</Filter>
    </ClInclude>
    <ClInclude Include="..\..\Source\SpeedPointEngine\Renderer\IRenderer.h">
      <Filter>Abstract</Filter>
    </ClInclude>
    <ClInclude Include="..\..\Source\SpeedPointEngine\Renderer\IResourcePool.h">
      <Filter>Abstract</Filter>
    </ClInclude>
    <ClInclude Include="..\..\Source\SpeedPointEngine\Renderer\IShader.h">
      <Filter>Abstract</Filter>
    </ClInclude>
    <ClInclude Include="..\..\Source\SpeedPointEngine\Renderer\ITexture.h">
      <Filter>Abstract</Filter>
    </ClInclude>
    <ClInclude Include="..\..\Source\SpeedPointEngine\Renderer\IVertexBuffer.h">
      <Filter>Abstract</Filter>
    </ClInclude>
    <ClInclude Include="..\..\Source\SpeedPointEngine\Renderer\DirectX11\DX11OutputPlane.h">
      <Filter>DX11</Filter>
    </ClInclude>
    <ClInclude Include="..\..\Source\SpeedPointEngine\Renderer\DirectX11\DX11ResourcePool.h">
      <Filter>DX11</Filter>
    </ClInclude>
    <ClInclude Include="..\..\Source\SpeedPointEngine\Renderer\DirectX11\DX11Shader.h">
      <Filter>DX11</Filter>
    </ClInclude>
    <ClInclude Include="..\..\Source\SpeedPointEngine\Renderer\DirectX11\DX11Texture.h">
      <Filter>DX11</Filter>
    </ClInclude>
    <ClInclude Include="..\..\Source\SpeedPointEngine\Renderer\DirectX11\DX11Utilities.h">
      <Filter>DX11</Filter>
    </ClInclude>
    <ClInclude Include="..\..\Source\SpeedPointEngine\Renderer\DirectX11\DX11VertexBuffer.h">
      <Filter>DX11</Filter>
    </ClInclude>
    <ClInclude Include="..\..\Source\SpeedPointEngine\Renderer\DirectX11\DX11Viewport.h">
      <Filter>DX11</Filter>
    </ClInclude>
    <ClInclude Include="..\..\Source\SpeedPointEngine\Renderer\DirectX11\DX11.h">
      <Filter>DX11</Filter>
    </ClInclude>
    <ClInclude Include="..\..\Source\SpeedPointEngine\Renderer\DirectX11\DX11ConstantsBuffer.h">
      <Filter>DX11</Filter>
    </ClInclude>
    <ClInclude Include="..\..\Source\SpeedPointEngine\Renderer\DirectX11\DX11FBO.h">
      <Filter>DX11</Filter>
    </ClInclude>
    <ClInclude Include="..\..\Source\SpeedPointEngine\Renderer\DirectX11\DX11Font.h">
      <Filter>DX11</Filter>
    </ClInclude>
    <ClInclude Include="..\..\Source\SpeedPointEngine\Renderer\DirectX11\DX11IndexBuffer.h">
      <Filter>DX11</Filter>
    </ClInclude>
    <ClInclude Include="..\..\Source\SpeedPointEngine\Renderer\IInstanceBuffer.h">
      <Filter>Abstract</Filter>
    </ClInclude>
    <ClInclude Include="..\..\Source\SpeedPointEngine\Renderer\DirectX11\DX11InstanceBuffer.h">
      <Filter>DX11</Filter>
    </ClInclude>
    <ClInclude Include="..\..\Source\SpeedPointEngine\Renderer\DirectX11\DX11Renderer.h">
      <Filter>DX11\Renderer</Filter>
    </ClInclude>
  </ItemGroup>
  <ItemGroup>
    <ClCompile Include="..\..\Source\SpeedPointEngine\Renderer\DirectX11\DX11ResourcePool.cpp">
      <Filter>DX11</Filter>
    </ClCompile>
    <ClCompile Include="..\..\Source\SpeedPointEngine\Renderer\DirectX11\DX11Shader.cpp">
      <Filter>DX11</Filter>
    </ClCompile>
    <ClCompile Include="..\..\Source\SpeedPointEngine\Renderer\DirectX11\DX11Texture.cpp">
      <Filter>DX11</Filter>
    </ClCompile>
    <ClCompile Include="..\..\Source\SpeedPointEngine\Renderer\DirectX11\DX11VertexBuffer.cpp">
      <Filter>DX11</Filter>
    </ClCompile>
    <ClCompile Include="..\..\Source\SpeedPointEngine\Renderer\DirectX11\DX11Viewport.cpp">
      <Filter>DX11</Filter>
    </ClCompile>
    <ClCompile Include="..\..\Source\SpeedPointEngine\Renderer\DirectX11\DX11ConstantsBuffer.cpp">
      <Filter>DX11</Filter>
    </ClCompile>
    <ClCompile Include="..\..\Source\SpeedPointEngine\Renderer\DirectX11\DX11FBO.cpp">
      <Filter>DX11</Filter>
    </ClCompile>
    <ClCompile Include="..\..\Source\SpeedPointEngine\Renderer\DirectX11\DX11Font.cpp">
      <Filter>DX11</Filter>
    </ClCompile>
    <ClCompile Include="..\..\Source\SpeedPointEngine\Renderer\DirectX11\DX11IndexBuffer.cpp">
      <Filter>DX11</Filter>
    </ClCompile>
    <ClCompile Include="..\..\Source\SpeedPointEngine\Renderer\DirectX11\DX11OuptutBuffer.cpp">
      <Filter>DX11</Filter>
    </ClCompile>
    <ClCompile Include="..\..\Source\SpeedPointEngine\Renderer\DirectX11\DX11InstanceBuffer.cpp">
      <Filter>DX11</Filter>
    </ClCompile>
    <ClCompile Include="..\..\Source\SpeedPointEngine\Renderer\DirectX11\DX11RendererRenderInstanced.cpp">
      <Filter>DX11\Renderer</Filter>
    </ClCompile>
    <ClCompile Include="..\..\Source\SpeedPointEngine\Renderer\DirectX11\DX11Renderer.cpp">
      <Filter>DX11\Renderer</Filter>
    </ClCompile>
  </ItemGroup>
</Project>