Microsoft Visual Studio Solution File, Format Version 12.00
# Visual Studio 14
VisualStudioVersion = 14.0.22823.1
MinimumVisualStudioVersion = 10.0.40219.1
Project("{8BC9CEB8-8B4A-11D0-8D11-00A0C91BC942}") = "SpeedPointAbstract", "SpeedPointAbstract\SpeedPointAbstract.vcxproj", "{94D549D6-E12E-40CE-814B-573C0C47FCF4}"
EndProject
Project("{8BC9CEB8-8B4A-11D0-8D11-00A0C91BC942}") = "SpeedPointCore", "SpeedPointCore\SpeedPointCore.vcxproj", "{6A802F58-8B42-46E9-A308-87ADE350A374}"
EndProject
Project("{8BC9CEB8-8B4A-11D0-8D11-00A0C91BC942}") = "SpeedPointDirectX9Renderer", "SpeedPointDirectX9Renderer\SpeedPointDirectX9Renderer.vcxproj", "{B7C82D6C-D25D-47E7-A951-23148A74164D}"
EndProject
Project("{8BC9CEB8-8B4A-11D0-8D11-00A0C91BC942}") = "SpeedPointPhysics", "SpeedPointPhysics\SpeedPointPhysics.vcxproj", "{015CA3F9-A1AC-4B4D-B133-798E1FB5D98A}"
EndProject
Project("{8BC9CEB8-8B4A-11D0-8D11-00A0C91BC942}") = "SpeedPointDirectX10Renderer", "SpeedPointDirectX10Renderer\SpeedPointDirectX10Renderer.vcxproj", "{E475970E-80F1-442A-95F5-0CAC5F129CD0}"
EndProject
Project("{8BC9CEB8-8B4A-11D0-8D11-00A0C91BC942}") = "SpeedPointDirectX11Renderer", "SpeedPointDirectX11Renderer\SpeedPointDirectX11Renderer.vcxproj", "{FFA8C23F-DC76-4C45-BCAB-8B7A85E20928}"
EndProject
Project("{8BC9CEB8-8B4A-11D0-8D11-00A0C91BC942}") = "SpeedPointOpenGLRenderer", "SpeedPointOpenGLRenderer\SpeedPointOpenGLRenderer.vcxproj", "{E4348F69-4370-42A5-8A6F-CEF292BCFC02}"
EndProject
Project("{8BC9CEB8-8B4A-11D0-8D11-00A0C91BC942}") = "SpeedPointAI", "SpeedPointAI\SpeedPointAI.vcxproj", "{294E75A6-6C19-463B-969B-77197958994B}"
EndProject
Project("{8BC9CEB8-8B4A-11D0-8D11-00A0C91BC942}") = "SpeedPointEffects", "SpeedPointEffects\SpeedPointEffects.vcxproj", "{B95904EF-9EEC-40D6-9676-0288AACB6E93}"
EndProject
Project("{8BC9CEB8-8B4A-11D0-8D11-00A0C91BC942}") = "SpeedPointEntities", "SpeedPointEntities\SpeedPointEntities.vcxproj", "{02AE6397-0589-4AE0-8020-1B4ACB506717}"
EndProject
Project("{8BC9CEB8-8B4A-11D0-8D11-00A0C91BC942}") = "SpeedPointScripting", "SpeedPointScripting\SpeedPointScripting.vcxproj", "{79FC4061-1A3D-4CAC-B3CD-143E34B19BC5}"
EndProject
Project("{8BC9CEB8-8B4A-11D0-8D11-00A0C91BC942}") = "SpeedPointParticles", "SpeedPointParticles\SpeedPointParticles.vcxproj", "{E4980600-3BB0-4449-832D-A29C6D1E0114}"
EndProject
Project("{8BC9CEB8-8B4A-11D0-8D11-00A0C91BC942}") = "SpeedPointStdTest", "SpeedPointStdTest\SpeedPointStdTest.vcxproj", "{916F9D16-FFA8-4BC5-8FF0-51CB33757D7E}"
EndProject
Project("{F088123C-0E9E-452A-89E6-6BA2F21D5CAC}") = "SpeedPointArchitecture", "SpeedPointArchitecture\SpeedPointArchitecture.modelproj", "{D48E2919-2750-49F5-A449-AB69557E86E4}"
EndProject
Project("{2150E333-8FDC-42A3-9474-1A3956D46DE8}") = "Tests", "Tests", "{01FD7CAE-1183-454D-98E8-51559974F7E3}"
EndProject
Project("{2150E333-8FDC-42A3-9474-1A3956D46DE8}") = "Architecture", "Architecture", "{E839B16A-EDF0-4587-A77A-A0885E570F98}"
EndProject
Project("{8BC9CEB8-8B4A-11D0-8D11-00A0C91BC942}") = "SpeedPointEngine", "SpeedPointEngine\SpeedPointEngine.vcxproj", "{054E8253-E6C1-4063-B65A-090736E00DCF}"
EndProject
Project("{8BC9CEB8-8B4A-11D0-8D11-00A0C91BC942}") = "SpeedPointPT001", "Tests\Prototypes\SpeedPointPT001\SpeedPointPT001.vcxproj", "{D4E5AB17-EFE9-4DF4-9F0F-4D330530EFD1}"
EndProject
Project("{8BC9CEB8-8B4A-11D0-8D11-00A0C91BC942}") = "ArchitectureSandbox", "ArchitectureSandbox\ArchitectureSandbox.vcxproj", "{308AF5A8-EB3B-44D0-89D7-9189146E2FE7}"
EndProject
Project("{8BC9CEB8-8B4A-11D0-8D11-00A0C91BC942}") = "SpeedPointObjects", "SpeedPointObjects\SpeedPointObjects.vcxproj", "{FACEAC68-301E-41D3-AA53-EBFDE139F192}"
EndProject
Project("{8BC9CEB8-8B4A-11D0-8D11-00A0C91BC942}") = "SpeedPoint3DEngine", "SpeedPoint3DEngine\SpeedPoint3DEngine.vcxproj", "{64298E44-4CE3-47C2-9000-023FAC8F943B}"
EndProject
Global
	GlobalSection(SolutionConfigurationPlatforms) = preSolution
		Debug|Any CPU = Debug|Any CPU
		Debug|Mixed Platforms = Debug|Mixed Platforms
		Debug|Win32 = Debug|Win32
		Release|Any CPU = Release|Any CPU
		Release|Mixed Platforms = Release|Mixed Platforms
		Release|Win32 = Release|Win32
	EndGlobalSection
	GlobalSection(ProjectConfigurationPlatforms) = postSolution
		{94D549D6-E12E-40CE-814B-573C0C47FCF4}.Debug|Any CPU.ActiveCfg = Debug|Win32
		{94D549D6-E12E-40CE-814B-573C0C47FCF4}.Debug|Mixed Platforms.ActiveCfg = Debug|Win32
		{94D549D6-E12E-40CE-814B-573C0C47FCF4}.Debug|Mixed Platforms.Build.0 = Debug|Win32
		{94D549D6-E12E-40CE-814B-573C0C47FCF4}.Debug|Win32.ActiveCfg = Debug|Win32
		{94D549D6-E12E-40CE-814B-573C0C47FCF4}.Debug|Win32.Build.0 = Debug|Win32
		{94D549D6-E12E-40CE-814B-573C0C47FCF4}.Release|Any CPU.ActiveCfg = Release|Win32
		{94D549D6-E12E-40CE-814B-573C0C47FCF4}.Release|Mixed Platforms.ActiveCfg = Release|Win32
		{94D549D6-E12E-40CE-814B-573C0C47FCF4}.Release|Mixed Platforms.Build.0 = Release|Win32
		{94D549D6-E12E-40CE-814B-573C0C47FCF4}.Release|Win32.ActiveCfg = Release|Win32
		{94D549D6-E12E-40CE-814B-573C0C47FCF4}.Release|Win32.Build.0 = Release|Win32
		{6A802F58-8B42-46E9-A308-87ADE350A374}.Debug|Any CPU.ActiveCfg = Debug|Win32
		{6A802F58-8B42-46E9-A308-87ADE350A374}.Debug|Mixed Platforms.ActiveCfg = Debug|Win32
		{6A802F58-8B42-46E9-A308-87ADE350A374}.Debug|Mixed Platforms.Build.0 = Debug|Win32
		{6A802F58-8B42-46E9-A308-87ADE350A374}.Debug|Win32.ActiveCfg = Debug|Win32
		{6A802F58-8B42-46E9-A308-87ADE350A374}.Debug|Win32.Build.0 = Debug|Win32
		{6A802F58-8B42-46E9-A308-87ADE350A374}.Release|Any CPU.ActiveCfg = Release|Win32
		{6A802F58-8B42-46E9-A308-87ADE350A374}.Release|Mixed Platforms.ActiveCfg = Release|Win32
		{6A802F58-8B42-46E9-A308-87ADE350A374}.Release|Mixed Platforms.Build.0 = Release|Win32
		{6A802F58-8B42-46E9-A308-87ADE350A374}.Release|Win32.ActiveCfg = Release|Win32
		{6A802F58-8B42-46E9-A308-87ADE350A374}.Release|Win32.Build.0 = Release|Win32
		{B7C82D6C-D25D-47E7-A951-23148A74164D}.Debug|Any CPU.ActiveCfg = Debug|Win32
		{B7C82D6C-D25D-47E7-A951-23148A74164D}.Debug|Mixed Platforms.ActiveCfg = Debug|Win32
		{B7C82D6C-D25D-47E7-A951-23148A74164D}.Debug|Mixed Platforms.Build.0 = Debug|Win32
		{B7C82D6C-D25D-47E7-A951-23148A74164D}.Debug|Win32.ActiveCfg = Debug|Win32
		{B7C82D6C-D25D-47E7-A951-23148A74164D}.Debug|Win32.Build.0 = Debug|Win32
		{B7C82D6C-D25D-47E7-A951-23148A74164D}.Release|Any CPU.ActiveCfg = Release|Win32
		{B7C82D6C-D25D-47E7-A951-23148A74164D}.Release|Mixed Platforms.ActiveCfg = Release|Win32
		{B7C82D6C-D25D-47E7-A951-23148A74164D}.Release|Mixed Platforms.Build.0 = Release|Win32
		{B7C82D6C-D25D-47E7-A951-23148A74164D}.Release|Win32.ActiveCfg = Release|Win32
		{B7C82D6C-D25D-47E7-A951-23148A74164D}.Release|Win32.Build.0 = Release|Win32
		{015CA3F9-A1AC-4B4D-B133-798E1FB5D98A}.Debug|Any CPU.ActiveCfg = Debug|Win32
		{015CA3F9-A1AC-4B4D-B133-798E1FB5D98A}.Debug|Mixed Platforms.ActiveCfg = Debug|Win32
		{015CA3F9-A1AC-4B4D-B133-798E1FB5D98A}.Debug|Mixed Platforms.Build.0 = Debug|Win32
		{015CA3F9-A1AC-4B4D-B133-798E1FB5D98A}.Debug|Win32.ActiveCfg = Debug|Win32
		{015CA3F9-A1AC-4B4D-B133-798E1FB5D98A}.Debug|Win32.Build.0 = Debug|Win32
		{015CA3F9-A1AC-4B4D-B133-798E1FB5D98A}.Release|Any CPU.ActiveCfg = Release|Win32
		{015CA3F9-A1AC-4B4D-B133-798E1FB5D98A}.Release|Mixed Platforms.ActiveCfg = Release|Win32
		{015CA3F9-A1AC-4B4D-B133-798E1FB5D98A}.Release|Mixed Platforms.Build.0 = Release|Win32
		{015CA3F9-A1AC-4B4D-B133-798E1FB5D98A}.Release|Win32.ActiveCfg = Release|Win32
		{015CA3F9-A1AC-4B4D-B133-798E1FB5D98A}.Release|Win32.Build.0 = Release|Win32
		{E475970E-80F1-442A-95F5-0CAC5F129CD0}.Debug|Any CPU.ActiveCfg = Debug|Win32
		{E475970E-80F1-442A-95F5-0CAC5F129CD0}.Debug|Mixed Platforms.ActiveCfg = Debug|Win32
		{E475970E-80F1-442A-95F5-0CAC5F129CD0}.Debug|Mixed Platforms.Build.0 = Debug|Win32
		{E475970E-80F1-442A-95F5-0CAC5F129CD0}.Debug|Win32.ActiveCfg = Debug|Win32
		{E475970E-80F1-442A-95F5-0CAC5F129CD0}.Debug|Win32.Build.0 = Debug|Win32
		{E475970E-80F1-442A-95F5-0CAC5F129CD0}.Release|Any CPU.ActiveCfg = Release|Win32
		{E475970E-80F1-442A-95F5-0CAC5F129CD0}.Release|Mixed Platforms.ActiveCfg = Release|Win32
		{E475970E-80F1-442A-95F5-0CAC5F129CD0}.Release|Mixed Platforms.Build.0 = Release|Win32
		{E475970E-80F1-442A-95F5-0CAC5F129CD0}.Release|Win32.ActiveCfg = Release|Win32
		{E475970E-80F1-442A-95F5-0CAC5F129CD0}.Release|Win32.Build.0 = Release|Win32
		{FFA8C23F-DC76-4C45-BCAB-8B7A85E20928}.Debug|Any CPU.ActiveCfg = Debug|Win32
		{FFA8C23F-DC76-4C45-BCAB-8B7A85E20928}.Debug|Mixed Platforms.ActiveCfg = Debug|Win32
		{FFA8C23F-DC76-4C45-BCAB-8B7A85E20928}.Debug|Mixed Platforms.Build.0 = Debug|Win32
		{FFA8C23F-DC76-4C45-BCAB-8B7A85E20928}.Debug|Win32.ActiveCfg = Debug|Win32
		{FFA8C23F-DC76-4C45-BCAB-8B7A85E20928}.Debug|Win32.Build.0 = Debug|Win32
		{FFA8C23F-DC76-4C45-BCAB-8B7A85E20928}.Release|Any CPU.ActiveCfg = Release|Win32
		{FFA8C23F-DC76-4C45-BCAB-8B7A85E20928}.Release|Mixed Platforms.ActiveCfg = Release|Win32
		{FFA8C23F-DC76-4C45-BCAB-8B7A85E20928}.Release|Mixed Platforms.Build.0 = Release|Win32
		{FFA8C23F-DC76-4C45-BCAB-8B7A85E20928}.Release|Win32.ActiveCfg = Release|Win32
		{FFA8C23F-DC76-4C45-BCAB-8B7A85E20928}.Release|Win32.Build.0 = Release|Win32
		{E4348F69-4370-42A5-8A6F-CEF292BCFC02}.Debug|Any CPU.ActiveCfg = Debug|Win32
		{E4348F69-4370-42A5-8A6F-CEF292BCFC02}.Debug|Mixed Platforms.ActiveCfg = Debug|Win32
		{E4348F69-4370-42A5-8A6F-CEF292BCFC02}.Debug|Mixed Platforms.Build.0 = Debug|Win32
		{E4348F69-4370-42A5-8A6F-CEF292BCFC02}.Debug|Win32.ActiveCfg = Debug|Win32
		{E4348F69-4370-42A5-8A6F-CEF292BCFC02}.Debug|Win32.Build.0 = Debug|Win32
		{E4348F69-4370-42A5-8A6F-CEF292BCFC02}.Release|Any CPU.ActiveCfg = Release|Win32
		{E4348F69-4370-42A5-8A6F-CEF292BCFC02}.Release|Mixed Platforms.ActiveCfg = Release|Win32
		{E4348F69-4370-42A5-8A6F-CEF292BCFC02}.Release|Mixed Platforms.Build.0 = Release|Win32
		{E4348F69-4370-42A5-8A6F-CEF292BCFC02}.Release|Win32.ActiveCfg = Release|Win32
		{E4348F69-4370-42A5-8A6F-CEF292BCFC02}.Release|Win32.Build.0 = Release|Win32
		{294E75A6-6C19-463B-969B-77197958994B}.Debug|Any CPU.ActiveCfg = Debug|Win32
		{294E75A6-6C19-463B-969B-77197958994B}.Debug|Mixed Platforms.ActiveCfg = Debug|Win32
		{294E75A6-6C19-463B-969B-77197958994B}.Debug|Mixed Platforms.Build.0 = Debug|Win32
		{294E75A6-6C19-463B-969B-77197958994B}.Debug|Win32.ActiveCfg = Debug|Win32
		{294E75A6-6C19-463B-969B-77197958994B}.Debug|Win32.Build.0 = Debug|Win32
		{294E75A6-6C19-463B-969B-77197958994B}.Release|Any CPU.ActiveCfg = Release|Win32
		{294E75A6-6C19-463B-969B-77197958994B}.Release|Mixed Platforms.ActiveCfg = Release|Win32
		{294E75A6-6C19-463B-969B-77197958994B}.Release|Mixed Platforms.Build.0 = Release|Win32
		{294E75A6-6C19-463B-969B-77197958994B}.Release|Win32.ActiveCfg = Release|Win32
		{294E75A6-6C19-463B-969B-77197958994B}.Release|Win32.Build.0 = Release|Win32
		{B95904EF-9EEC-40D6-9676-0288AACB6E93}.Debug|Any CPU.ActiveCfg = Debug|Win32
		{B95904EF-9EEC-40D6-9676-0288AACB6E93}.Debug|Mixed Platforms.ActiveCfg = Debug|Win32
		{B95904EF-9EEC-40D6-9676-0288AACB6E93}.Debug|Mixed Platforms.Build.0 = Debug|Win32
		{B95904EF-9EEC-40D6-9676-0288AACB6E93}.Debug|Win32.ActiveCfg = Debug|Win32
		{B95904EF-9EEC-40D6-9676-0288AACB6E93}.Debug|Win32.Build.0 = Debug|Win32
		{B95904EF-9EEC-40D6-9676-0288AACB6E93}.Release|Any CPU.ActiveCfg = Release|Win32
		{B95904EF-9EEC-40D6-9676-0288AACB6E93}.Release|Mixed Platforms.ActiveCfg = Release|Win32
		{B95904EF-9EEC-40D6-9676-0288AACB6E93}.Release|Mixed Platforms.Build.0 = Release|Win32
		{B95904EF-9EEC-40D6-9676-0288AACB6E93}.Release|Win32.ActiveCfg = Release|Win32
		{B95904EF-9EEC-40D6-9676-0288AACB6E93}.Release|Win32.Build.0 = Release|Win32
		{02AE6397-0589-4AE0-8020-1B4ACB506717}.Debug|Any CPU.ActiveCfg = Debug|Win32
		{02AE6397-0589-4AE0-8020-1B4ACB506717}.Debug|Mixed Platforms.ActiveCfg = Debug|Win32
		{02AE6397-0589-4AE0-8020-1B4ACB506717}.Debug|Mixed Platforms.Build.0 = Debug|Win32
		{02AE6397-0589-4AE0-8020-1B4ACB506717}.Debug|Win32.ActiveCfg = Debug|Win32
		{02AE6397-0589-4AE0-8020-1B4ACB506717}.Debug|Win32.Build.0 = Debug|Win32
		{02AE6397-0589-4AE0-8020-1B4ACB506717}.Release|Any CPU.ActiveCfg = Release|Win32
		{02AE6397-0589-4AE0-8020-1B4ACB506717}.Release|Mixed Platforms.ActiveCfg = Release|Win32
		{02AE6397-0589-4AE0-8020-1B4ACB506717}.Release|Mixed Platforms.Build.0 = Release|Win32
		{02AE6397-0589-4AE0-8020-1B4ACB506717}.Release|Win32.ActiveCfg = Release|Win32
		{02AE6397-0589-4AE0-8020-1B4ACB506717}.Release|Win32.Build.0 = Release|Win32
		{79FC4061-1A3D-4CAC-B3CD-143E34B19BC5}.Debug|Any CPU.ActiveCfg = Debug|Win32
		{79FC4061-1A3D-4CAC-B3CD-143E34B19BC5}.Debug|Mixed Platforms.ActiveCfg = Debug|Win32
		{79FC4061-1A3D-4CAC-B3CD-143E34B19BC5}.Debug|Mixed Platforms.Build.0 = Debug|Win32
		{79FC4061-1A3D-4CAC-B3CD-143E34B19BC5}.Debug|Win32.ActiveCfg = Debug|Win32
		{79FC4061-1A3D-4CAC-B3CD-143E34B19BC5}.Debug|Win32.Build.0 = Debug|Win32
		{79FC4061-1A3D-4CAC-B3CD-143E34B19BC5}.Release|Any CPU.ActiveCfg = Release|Win32
		{79FC4061-1A3D-4CAC-B3CD-143E34B19BC5}.Release|Mixed Platforms.ActiveCfg = Release|Win32
		{79FC4061-1A3D-4CAC-B3CD-143E34B19BC5}.Release|Mixed Platforms.Build.0 = Release|Win32
		{79FC4061-1A3D-4CAC-B3CD-143E34B19BC5}.Release|Win32.ActiveCfg = Release|Win32
		{79FC4061-1A3D-4CAC-B3CD-143E34B19BC5}.Release|Win32.Build.0 = Release|Win32
		{E4980600-3BB0-4449-832D-A29C6D1E0114}.Debug|Any CPU.ActiveCfg = Debug|Win32
		{E4980600-3BB0-4449-832D-A29C6D1E0114}.Debug|Mixed Platforms.ActiveCfg = Debug|Win32
		{E4980600-3BB0-4449-832D-A29C6D1E0114}.Debug|Mixed Platforms.Build.0 = Debug|Win32
		{E4980600-3BB0-4449-832D-A29C6D1E0114}.Debug|Win32.ActiveCfg = Debug|Win32
		{E4980600-3BB0-4449-832D-A29C6D1E0114}.Debug|Win32.Build.0 = Debug|Win32
		{E4980600-3BB0-4449-832D-A29C6D1E0114}.Release|Any CPU.ActiveCfg = Release|Win32
		{E4980600-3BB0-4449-832D-A29C6D1E0114}.Release|Mixed Platforms.ActiveCfg = Release|Win32
		{E4980600-3BB0-4449-832D-A29C6D1E0114}.Release|Mixed Platforms.Build.0 = Release|Win32
		{E4980600-3BB0-4449-832D-A29C6D1E0114}.Release|Win32.ActiveCfg = Release|Win32
		{E4980600-3BB0-4449-832D-A29C6D1E0114}.Release|Win32.Build.0 = Release|Win32
		{916F9D16-FFA8-4BC5-8FF0-51CB33757D7E}.Debug|Any CPU.ActiveCfg = Debug|Win32
		{916F9D16-FFA8-4BC5-8FF0-51CB33757D7E}.Debug|Mixed Platforms.ActiveCfg = Debug|Win32
		{916F9D16-FFA8-4BC5-8FF0-51CB33757D7E}.Debug|Mixed Platforms.Build.0 = Debug|Win32
		{916F9D16-FFA8-4BC5-8FF0-51CB33757D7E}.Debug|Win32.ActiveCfg = Debug|Win32
		{916F9D16-FFA8-4BC5-8FF0-51CB33757D7E}.Debug|Win32.Build.0 = Debug|Win32
		{916F9D16-FFA8-4BC5-8FF0-51CB33757D7E}.Release|Any CPU.ActiveCfg = Release|Win32
		{916F9D16-FFA8-4BC5-8FF0-51CB33757D7E}.Release|Mixed Platforms.ActiveCfg = Release|Win32
		{916F9D16-FFA8-4BC5-8FF0-51CB33757D7E}.Release|Mixed Platforms.Build.0 = Release|Win32
		{916F9D16-FFA8-4BC5-8FF0-51CB33757D7E}.Release|Win32.ActiveCfg = Release|Win32
		{916F9D16-FFA8-4BC5-8FF0-51CB33757D7E}.Release|Win32.Build.0 = Release|Win32
		{D48E2919-2750-49F5-A449-AB69557E86E4}.Debug|Any CPU.ActiveCfg = Debug|Any CPU
		{D48E2919-2750-49F5-A449-AB69557E86E4}.Debug|Any CPU.Build.0 = Debug|Any CPU
		{D48E2919-2750-49F5-A449-AB69557E86E4}.Debug|Mixed Platforms.ActiveCfg = Debug|Any CPU
		{D48E2919-2750-49F5-A449-AB69557E86E4}.Debug|Mixed Platforms.Build.0 = Debug|Any CPU
		{D48E2919-2750-49F5-A449-AB69557E86E4}.Debug|Win32.ActiveCfg = Debug|Any CPU
		{D48E2919-2750-49F5-A449-AB69557E86E4}.Release|Any CPU.ActiveCfg = Release|Any CPU
		{D48E2919-2750-49F5-A449-AB69557E86E4}.Release|Any CPU.Build.0 = Release|Any CPU
		{D48E2919-2750-49F5-A449-AB69557E86E4}.Release|Mixed Platforms.ActiveCfg = Release|Any CPU
		{D48E2919-2750-49F5-A449-AB69557E86E4}.Release|Mixed Platforms.Build.0 = Release|Any CPU
		{D48E2919-2750-49F5-A449-AB69557E86E4}.Release|Win32.ActiveCfg = Release|Any CPU
		{054E8253-E6C1-4063-B65A-090736E00DCF}.Debug|Any CPU.ActiveCfg = Debug|Win32
		{054E8253-E6C1-4063-B65A-090736E00DCF}.Debug|Mixed Platforms.ActiveCfg = Debug|Win32
		{054E8253-E6C1-4063-B65A-090736E00DCF}.Debug|Mixed Platforms.Build.0 = Debug|Win32
		{054E8253-E6C1-4063-B65A-090736E00DCF}.Debug|Win32.ActiveCfg = Debug|Win32
		{054E8253-E6C1-4063-B65A-090736E00DCF}.Debug|Win32.Build.0 = Debug|Win32
		{054E8253-E6C1-4063-B65A-090736E00DCF}.Release|Any CPU.ActiveCfg = Release|Win32
		{054E8253-E6C1-4063-B65A-090736E00DCF}.Release|Mixed Platforms.ActiveCfg = Release|Win32
		{054E8253-E6C1-4063-B65A-090736E00DCF}.Release|Mixed Platforms.Build.0 = Release|Win32
		{054E8253-E6C1-4063-B65A-090736E00DCF}.Release|Win32.ActiveCfg = Release|Win32
		{054E8253-E6C1-4063-B65A-090736E00DCF}.Release|Win32.Build.0 = Release|Win32
		{D4E5AB17-EFE9-4DF4-9F0F-4D330530EFD1}.Debug|Any CPU.ActiveCfg = Debug|Win32
		{D4E5AB17-EFE9-4DF4-9F0F-4D330530EFD1}.Debug|Mixed Platforms.ActiveCfg = Debug|Win32
		{D4E5AB17-EFE9-4DF4-9F0F-4D330530EFD1}.Debug|Mixed Platforms.Build.0 = Debug|Win32
		{D4E5AB17-EFE9-4DF4-9F0F-4D330530EFD1}.Debug|Win32.ActiveCfg = Debug|Win32
		{D4E5AB17-EFE9-4DF4-9F0F-4D330530EFD1}.Debug|Win32.Build.0 = Debug|Win32
		{D4E5AB17-EFE9-4DF4-9F0F-4D330530EFD1}.Release|Any CPU.ActiveCfg = Release|Win32
		{D4E5AB17-EFE9-4DF4-9F0F-4D330530EFD1}.Release|Mixed Platforms.ActiveCfg = Release|Win32
		{D4E5AB17-EFE9-4DF4-9F0F-4D330530EFD1}.Release|Mixed Platforms.Build.0 = Release|Win32
		{D4E5AB17-EFE9-4DF4-9F0F-4D330530EFD1}.Release|Win32.ActiveCfg = Release|Win32
		{D4E5AB17-EFE9-4DF4-9F0F-4D330530EFD1}.Release|Win32.Build.0 = Release|Win32
		{308AF5A8-EB3B-44D0-89D7-9189146E2FE7}.Debug|Any CPU.ActiveCfg = Debug|Win32
		{308AF5A8-EB3B-44D0-89D7-9189146E2FE7}.Debug|Mixed Platforms.ActiveCfg = Debug|Win32
		{308AF5A8-EB3B-44D0-89D7-9189146E2FE7}.Debug|Mixed Platforms.Build.0 = Debug|Win32
		{308AF5A8-EB3B-44D0-89D7-9189146E2FE7}.Debug|Win32.ActiveCfg = Debug|Win32
		{308AF5A8-EB3B-44D0-89D7-9189146E2FE7}.Debug|Win32.Build.0 = Debug|Win32
		{308AF5A8-EB3B-44D0-89D7-9189146E2FE7}.Release|Any CPU.ActiveCfg = Release|Win32
		{308AF5A8-EB3B-44D0-89D7-9189146E2FE7}.Release|Mixed Platforms.ActiveCfg = Release|Win32
		{308AF5A8-EB3B-44D0-89D7-9189146E2FE7}.Release|Mixed Platforms.Build.0 = Release|Win32
		{308AF5A8-EB3B-44D0-89D7-9189146E2FE7}.Release|Win32.ActiveCfg = Release|Win32
		{308AF5A8-EB3B-44D0-89D7-9189146E2FE7}.Release|Win32.Build.0 = Release|Win32
		{FACEAC68-301E-41D3-AA53-EBFDE139F192}.Debug|Any CPU.ActiveCfg = Debug|Win32
		{FACEAC68-301E-41D3-AA53-EBFDE139F192}.Debug|Mixed Platforms.ActiveCfg = Debug|Win32
		{FACEAC68-301E-41D3-AA53-EBFDE139F192}.Debug|Mixed Platforms.Build.0 = Debug|Win32
		{FACEAC68-301E-41D3-AA53-EBFDE139F192}.Debug|Win32.ActiveCfg = Debug|Win32
		{FACEAC68-301E-41D3-AA53-EBFDE139F192}.Debug|Win32.Build.0 = Debug|Win32
		{FACEAC68-301E-41D3-AA53-EBFDE139F192}.Release|Any CPU.ActiveCfg = Release|Win32
		{FACEAC68-301E-41D3-AA53-EBFDE139F192}.Release|Mixed Platforms.ActiveCfg = Release|Win32
		{FACEAC68-301E-41D3-AA53-EBFDE139F192}.Release|Mixed Platforms.Build.0 = Release|Win32
		{FACEAC68-301E-41D3-AA53-EBFDE139F192}.Release|Win32.ActiveCfg = Release|Win32
		{FACEAC68-301E-41D3-AA53-EBFDE139F192}.Release|Win32.Build.0 = Release|Win32
		{64298E44-4CE3-47C2-9000-023FAC8F943B}.Debug|Any CPU.ActiveCfg = Debug|Win32
		{64298E44-4CE3-47C2-9000-023FAC8F943B}.Debug|Mixed Platforms.ActiveCfg = Debug|Win32
		{64298E44-4CE3-47C2-9000-023FAC8F943B}.Debug|Mixed Platforms.Build.0 = Debug|Win32
		{64298E44-4CE3-47C2-9000-023FAC8F943B}.Debug|Win32.ActiveCfg = Debug|Win32
		{64298E44-4CE3-47C2-9000-023FAC8F943B}.Debug|Win32.Build.0 = Debug|Win32
		{64298E44-4CE3-47C2-9000-023FAC8F943B}.Release|Any CPU.ActiveCfg = Release|Win32
		{64298E44-4CE3-47C2-9000-023FAC8F943B}.Release|Mixed Platforms.ActiveCfg = Release|Win32
		{64298E44-4CE3-47C2-9000-023FAC8F943B}.Release|Mixed Platforms.Build.0 = Release|Win32
		{64298E44-4CE3-47C2-9000-023FAC8F943B}.Release|Win32.ActiveCfg = Release|Win32
		{64298E44-4CE3-47C2-9000-023FAC8F943B}.Release|Win32.Build.0 = Release|Win32
	EndGlobalSection
	GlobalSection(SolutionProperties) = preSolution
		HideSolutionNode = FALSE
	EndGlobalSection
	GlobalSection(NestedProjects) = preSolution
		{916F9D16-FFA8-4BC5-8FF0-51CB33757D7E} = {01FD7CAE-1183-454D-98E8-51559974F7E3}
		{D48E2919-2750-49F5-A449-AB69557E86E4} = {E839B16A-EDF0-4587-A77A-A0885E570F98}
		{D4E5AB17-EFE9-4DF4-9F0F-4D330530EFD1} = {01FD7CAE-1183-454D-98E8-51559974F7E3}
		{308AF5A8-EB3B-44D0-89D7-9189146E2FE7} = {E839B16A-EDF0-4587-A77A-A0885E570F98}
	EndGlobalSection
EndGlobal
