<?xml version="1.0" encoding="utf-8"?>
<Project ToolsVersion="4.0" xmlns="http://schemas.microsoft.com/developer/msbuild/2003">
  <ItemGroup>
    <Filter Include="Source">
      <UniqueIdentifier>{5330664c-feaf-49f5-bf33-3f7321f3fd9b}</UniqueIdentifier>
    </Filter>
  </ItemGroup>
  <ItemGroup>
    <ClInclude Include="..\..\Source\SpeedPointEngine\Common\MathGeom.h">
      <Filter>Source</Filter>
    </ClInclude>
    <ClInclude Include="..\..\Source\SpeedPointEngine\Common\Quaternion.h">
      <Filter>Source</Filter>
    </ClInclude>
    <ClInclude Include="..\..\Source\SpeedPointEngine\Common\SAPI.h">
      <Filter>Source</Filter>
    </ClInclude>
    <ClInclude Include="..\..\Source\SpeedPointEngine\Common\SAssert.h">
      <Filter>Source</Filter>
    </ClInclude>
    <ClInclude Include="..\..\Source\SpeedPointEngine\Common\SAssert_Impl.h">
      <Filter>Source</Filter>
    </ClInclude>
    <ClInclude Include="..\..\Source\SpeedPointEngine\Common\SColor.h">
      <Filter>Source</Filter>
    </ClInclude>
    <ClInclude Include="..\..\Source\SpeedPointEngine\Common\SerializationTools.h">
      <Filter>Source</Filter>
    </ClInclude>
    <ClInclude Include="..\..\Source\SpeedPointEngine\Common\SPool.h">
      <Filter>Source</Filter>
    </ClInclude>
    <ClInclude Include="..\..\Source\SpeedPointEngine\Common\SPoolIndex.h">
      <Filter>Source</Filter>
    </ClInclude>
    <ClInclude Include="..\..\Source\SpeedPointEngine\Common\SPrerequisites.h">
      <Filter>Source</Filter>
    </ClInclude>
    <ClInclude Include="..\..\Source\SpeedPointEngine\Common\SQueue.h">
      <Filter>Source</Filter>
    </ClInclude>
    <ClInclude Include="..\..\Source\SpeedPointEngine\Common\SResult.h">
      <Filter>Source</Filter>
    </ClInclude>
    <ClInclude Include="..\..\Source\SpeedPointEngine\Common\SVertex.h">
      <Filter>Source</Filter>
    </ClInclude>
    <ClInclude Include="..\..\Source\SpeedPointEngine\Common\Vector2.h">
      <Filter>Source</Filter>
    </ClInclude>
    <ClInclude Include="..\..\Source\SpeedPointEngine\Common\Vector3.h">
      <Filter>Source</Filter>
    </ClInclude>
    <ClInclude Include="..\..\Source\SpeedPointEngine\Common\Vector4.h">
      <Filter>Source</Filter>
    </ClInclude>
    <ClInclude Include="..\..\Source\SpeedPointEngine\Common\BoundBox.h">
      <Filter>Source</Filter>
    </ClInclude>
    <ClInclude Include="..\..\Source\SpeedPointEngine\Common\ChunkedObjectPool.h">
      <Filter>Source</Filter>
    </ClInclude>
    <ClInclude Include="..\..\Source\SpeedPointEngine\Common\ChunkPool.h">
      <Filter>Source</Filter>
    </ClInclude>
    <ClInclude Include="..\..\Source\SpeedPointEngine\Common\CLog.h">
      <Filter>Source</Filter>
    </ClInclude>
    <ClInclude Include="..\..\Source\SpeedPointEngine\Common\ComponentPool.h">
      <Filter>Source</Filter>
    </ClInclude>
    <ClInclude Include="..\..\Source\SpeedPointEngine\Common\Camera.h">
      <Filter>Source</Filter>
    </ClInclude>
    <ClInclude Include="..\..\Source\SpeedPointEngine\Common\ProfilingSystem.h">
      <Filter>Source</Filter>
    </ClInclude>
    <ClInclude Include="..\..\Source\SpeedPointEngine\Common\IShutdownHandler.h">
      <Filter>Source</Filter>
    </ClInclude>
    <ClInclude Include="..\..\Source\SpeedPointEngine\Common\strutils.h">
      <Filter>Source</Filter>
    </ClInclude>
    <ClInclude Include="..\..\Source\SpeedPointEngine\Common\FileUtils.h">
      <Filter>Source</Filter>
    </ClInclude>
    <ClInclude Include="..\..\Source\SpeedPointEngine\Common\Mat44.h">
      <Filter>Source</Filter>
    </ClInclude>
    <ClInclude Include="..\..\Source\SpeedPointEngine\Common\Mat33.h">
      <Filter>Source</Filter>
    </ClInclude>
    <ClInclude Include="..\..\Source\SpeedPointEngine\Common\geo.h">
      <Filter>Source</Filter>
    </ClInclude>
  </ItemGroup>
  <ItemGroup>
    <ClCompile Include="..\..\Source\SpeedPointEngine\Common\CLog.cpp">
      <Filter>Source</Filter>
    </ClCompile>
    <ClCompile Include="..\..\Source\SpeedPointEngine\Common\MathGeom.cpp">
      <Filter>Source</Filter>
    </ClCompile>
    <ClCompile Include="..\..\Source\SpeedPointEngine\Common\Camera.cpp">
      <Filter>Source</Filter>
    </ClCompile>
    <ClCompile Include="..\..\Source\SpeedPointEngine\Common\ProfilingSystem.cpp">
      <Filter>Source</Filter>
    </ClCompile>
    <ClCompile Include="..\..\Source\SpeedPointEngine\Common\ShutdownManager.cpp">
      <Filter>Source</Filter>
    </ClCompile>
    <ClCompile Include="..\..\Source\SpeedPointEngine\Common\FileUtils.cpp">
      <Filter>Source</Filter>
    </ClCompile>
    <ClCompile Include="..\..\Source\SpeedPointEngine\Common\Mat44.cpp">
      <Filter>Source</Filter>
    </ClCompile>
    <ClCompile Include="..\..\Source\SpeedPointEngine\Common\Mat33.cpp">
      <Filter>Source</Filter>
    </ClCompile>
    <ClCompile Include="..\..\Source\SpeedPointEngine\Common\geo.cpp">
      <Filter>Source</Filter>
    </ClCompile>
    <ClCompile Include="..\..\Source\SpeedPointEngine\Common\SerializationTools.cpp">
      <Filter>Source</Filter>
    </ClCompile>
  </ItemGroup>
</Project>