<?xml version="1.0" encoding="utf-8"?>
<Project ToolsVersion="4.0" xmlns="http://schemas.microsoft.com/developer/msbuild/2003">
  <ItemGroup>
    <Filter Include="Effects">
      <UniqueIdentifier>{50c3f199-e12c-48e3-83c1-dc8e07b98fcc}</UniqueIdentifier>
    </Filter>
  </ItemGroup>
  <ItemGroup>
    <FxCompile Include="..\..\Effects\gbuffer.fx">
      <Filter>Effects</Filter>
    </FxCompile>
    <FxCompile Include="..\..\Effects\merge.fx">
      <Filter>Effects</Filter>
    </FxCompile>
  </ItemGroup>
</Project>