<?xml version="1.0" encoding="utf-8"?>
<Project ToolsVersion="4.0" xmlns="http://schemas.microsoft.com/developer/msbuild/2003">
  <ItemGroup>
    <Filter Include="Sources">
      <UniqueIdentifier>{9cc6750e-fd7f-41bb-8be3-2ffe5a83507f}</UniqueIdentifier>
    </Filter>
    <Filter Include="Sources\Util">
      <UniqueIdentifier>{e7d98f25-2220-45c8-82c5-24e2398ecdea}</UniqueIdentifier>
    </Filter>
    <Filter Include="Sources\Pipelines">
      <UniqueIdentifier>{d1dcc489-e07e-4ba0-bdd3-739d0f3d9db2}</UniqueIdentifier>
    </Filter>
  </ItemGroup>
  <ItemGroup>
    <ClCompile Include="..\..\Source\SpeedPointEngine\Core\EngineSettings.cpp">
      <Filter>Sources</Filter>
    </ClCompile>
    <ClCompile Include="..\..\Source\SpeedPointEngine\Core\SpeedPointApplication.cpp">
      <Filter>Sources</Filter>
    </ClCompile>
    <ClCompile Include="..\..\Source\SpeedPointEngine\Core\SpeedPointEngine.cpp">
      <Filter>Sources</Filter>
    </ClCompile>
    <ClCompile Include="..\..\Source\SpeedPointEngine\Core\Util\Camera.cpp">
      <Filter>Sources\Util</Filter>
    </ClCompile>
    <ClCompile Include="..\..\Source\SpeedPointEngine\Core\Util\SLogStream.cpp">
      <Filter>Sources\Util</Filter>
    </ClCompile>
    <ClCompile Include="..\..\Source\SpeedPointEngine\Core\Pipelines\FramePipeline.cpp">
      <Filter>Sources\Pipelines</Filter>
    </ClCompile>
    <ClCompile Include="..\..\Source\SpeedPointEngine\Core\Pipelines\RenderPipeline.cpp">
      <Filter>Sources\Pipelines</Filter>
    </ClCompile>
  </ItemGroup>
  <ItemGroup>
    <ClInclude Include="..\..\Source\SpeedPointEngine\Core\EngineSettings.h">
      <Filter>Sources</Filter>
    </ClInclude>
    <ClInclude Include="..\..\Source\SpeedPointEngine\Core\SCommandBuffering.h">
      <Filter>Sources</Filter>
    </ClInclude>
    <ClInclude Include="..\..\Source\SpeedPointEngine\Core\SpeedPointApplication.h">
      <Filter>Sources</Filter>
    </ClInclude>
    <ClInclude Include="..\..\Source\SpeedPointEngine\Core\SpeedPointEngine.h">
      <Filter>Sources</Filter>
    </ClInclude>
    <ClInclude Include="..\..\Source\SpeedPointEngine\Core\Util\SLogStream.h">
      <Filter>Sources\Util</Filter>
    </ClInclude>
    <ClInclude Include="..\..\Source\SpeedPointEngine\Core\Pipelines\FramePipeline.h">
      <Filter>Sources\Pipelines</Filter>
    </ClInclude>
    <ClInclude Include="..\..\Source\SpeedPointEngine\Core\Pipelines\RenderPipeline.h">
      <Filter>Sources\Pipelines</Filter>
    </ClInclude>
  </ItemGroup>
</Project>