<?xml version="1.0" encoding="utf-8"?>
<Project ToolsVersion="4.0" xmlns="http://schemas.microsoft.com/developer/msbuild/2003">
  <ItemGroup>
    <Filter Include="Abstract">
      <UniqueIdentifier>{15e7a15c-9c7d-483b-ba1c-49f7354bc347}</UniqueIdentifier>
    </Filter>
    <Filter Include="Implementation">
      <UniqueIdentifier>{00d7dbc3-00b3-4721-8e90-ae80d8f1ab31}</UniqueIdentifier>
    </Filter>
  </ItemGroup>
  <ItemGroup>
    <ClInclude Include="..\..\Source\SpeedPointEngine\Physics\IPhysics.h">
      <Filter>Abstract</Filter>
    </ClInclude>
    <ClInclude Include="..\..\Source\SpeedPointEngine\Physics\PhysObject.h">
      <Filter>Abstract</Filter>
    </ClInclude>
    <ClInclude Include="..\..\Source\SpeedPointEngine\Physics\Implementation\CPhysics.h">
      <Filter>Implementation</Filter>
    </ClInclude>
    <ClInclude Include="..\..\Source\SpeedPointEngine\Physics\Implementation\PhysDebug.h">
      <Filter>Implementation</Filter>
    </ClInclude>
  </ItemGroup>
  <ItemGroup>
    <ClCompile Include="..\..\Source\SpeedPointEngine\Physics\Implementation\PhysObject.cpp">
      <Filter>Implementation</Filter>
    </ClCompile>
    <ClCompile Include="..\..\Source\SpeedPointEngine\Physics\Implementation\CPhysics.cpp">
      <Filter>Implementation</Filter>
    </ClCompile>
    <ClCompile Include="..\..\Source\SpeedPointEngine\Physics\Implementation\PhysDebug.cpp">
      <Filter>Implementation</Filter>
    </ClCompile>
  </ItemGroup>
</Project>