<?xml version="1.0" encoding="utf-8"?>
<Project ToolsVersion="4.0" xmlns="http://schemas.microsoft.com/developer/msbuild/2003">
  <ItemGroup>
    <Filter Include="Effects">
      <UniqueIdentifier>{d5829ff3-d803-456c-9c6f-eed25f2da30b}</UniqueIdentifier>
    </Filter>
  </ItemGroup>
  <ItemGroup>
    <FxCompile Include="..\..\Effects\helper.fx">
      <Filter>Effects</Filter>
    </FxCompile>
    <FxCompile Include="..\..\Effects\illum.fx">
      <Filter>Effects</Filter>
    </FxCompile>
    <FxCompile Include="..\..\Effects\particles.fx">
      <Filter>Effects</Filter>
    </FxCompile>
    <FxCompile Include="..\..\Effects\skybox.fx">
      <Filter>Effects</Filter>
    </FxCompile>
    <FxCompile Include="..\..\Effects\terrain.fx">
      <Filter>Effects</Filter>
    </FxCompile>
    <FxCompile Include="..\..\Effects\zpass.fx">
      <Filter>Effects</Filter>
    </FxCompile>
    <FxCompile Include="..\..\Effects\font.fx">
      <Filter>Effects</Filter>
    </FxCompile>
    <FxCompile Include="..\..\Effects\gui.fx">
      <Filter>Effects</Filter>
    </FxCompile>
    <FxCompile Include="..\..\Effects\shadow.fx">
      <Filter>Effects</Filter>
    </FxCompile>
  </ItemGroup>
</Project>